
Microsoft Visual Studio Solution File, Format Version 12.00
Project("{2150E333-8FDC-42A3-9474-1A3956D46DE8}") = "src", "src", "{417F8312-8922-4617-88AB-FF71F6F820D9}"
EndProject
Project("{FAE04EC0-301F-11D3-BF4B-00C04F79EFBC}") = "Iy.Crawler", "src\Iy.Crawler\Iy.Crawler.csproj", "{E73365E3-9345-4801-AD83-0A319B335A4B}"
EndProject
Project("{2150E333-8FDC-42A3-9474-1A3956D46DE8}") = "test", "test", "{FC00BCBD-D6D0-491B-8A76-A1BD3F71DDBE}"
EndProject
Project("{FAE04EC0-301F-11D3-BF4B-00C04F79EFBC}") = "Iy.crawler.Tests", "test\Iy.crawler.Tests\Iy.crawler.Tests.csproj", "{E2B202FE-5CA1-4517-962E-73C659E9DC6F}"
EndProject
Global
	GlobalSection(SolutionConfigurationPlatforms) = preSolution
		Debug|Any CPU = Debug|Any CPU
		Release|Any CPU = Release|Any CPU
	EndGlobalSection
	GlobalSection(NestedProjects) = preSolution
		{E73365E3-9345-4801-AD83-0A319B335A4B} = {417F8312-8922-4617-88AB-FF71F6F820D9}
		{E2B202FE-5CA1-4517-962E-73C659E9DC6F} = {FC00BCBD-D6D0-491B-8A76-A1BD3F71DDBE}
	EndGlobalSection
	GlobalSection(ProjectConfigurationPlatforms) = postSolution
		{E73365E3-9345-4801-AD83-0A319B335A4B}.Debug|Any CPU.ActiveCfg = Debug|Any CPU
		{E73365E3-9345-4801-AD83-0A319B335A4B}.Debug|Any CPU.Build.0 = Debug|Any CPU
		{E73365E3-9345-4801-AD83-0A319B335A4B}.Release|Any CPU.ActiveCfg = Release|Any CPU
		{E73365E3-9345-4801-AD83-0A319B335A4B}.Release|Any CPU.Build.0 = Release|Any CPU
		{E2B202FE-5CA1-4517-962E-73C659E9DC6F}.Debug|Any CPU.ActiveCfg = Debug|Any CPU
		{E2B202FE-5CA1-4517-962E-73C659E9DC6F}.Debug|Any CPU.Build.0 = Debug|Any CPU
		{E2B202FE-5CA1-4517-962E-73C659E9DC6F}.Release|Any CPU.ActiveCfg = Release|Any CPU
		{E2B202FE-5CA1-4517-962E-73C659E9DC6F}.Release|Any CPU.Build.0 = Release|Any CPU
	EndGlobalSection
EndGlobal
